// !$*UTF8*$!
{
	archiveVersion = 1;
	classes = {
	};
	objectVersion = 48;
	objects = {

/* Begin PBXBuildFile section */
		AB58F6B020EDE77B00C3082A /* AppDelegate.m in Sources */ = {isa = PBXBuildFile; fileRef = AB58F6AF20EDE77B00C3082A /* AppDelegate.m */; };
		AB58F6B320EDE77B00C3082A /* ViewController.m in Sources */ = {isa = PBXBuildFile; fileRef = AB58F6B220EDE77B00C3082A /* ViewController.m */; };
		AB58F6B620EDE77B00C3082A /* Main.storyboard in Resources */ = {isa = PBXBuildFile; fileRef = AB58F6B420EDE77B00C3082A /* Main.storyboard */; };
		AB58F6B820EDE77B00C3082A /* Assets.xcassets in Resources */ = {isa = PBXBuildFile; fileRef = AB58F6B720EDE77B00C3082A /* Assets.xcassets */; };
		AB58F6BB20EDE77B00C3082A /* LaunchScreen.storyboard in Resources */ = {isa = PBXBuildFile; fileRef = AB58F6B920EDE77B00C3082A /* LaunchScreen.storyboard */; };
		AB58F6BE20EDE77B00C3082A /* main.m in Sources */ = {isa = PBXBuildFile; fileRef = AB58F6BD20EDE77B00C3082A /* main.m */; };
/* End PBXBuildFile section */

/* Begin PBXFileReference section */
		AB58F6AB20EDE77B00C3082A /* Poc.app */ = {isa = PBXFileReference; explicitFileType = wrapper.application; includeInIndex = 0; path = Poc.app; sourceTree = BUILT_PRODUCTS_DIR; };
		AB58F6AE20EDE77B00C3082A /* AppDelegate.h */ = {isa = PBXFileReference; lastKnownFileType = sourcecode.c.h; path = AppDelegate.h; sourceTree = "<group>"; };
		AB58F6AF20EDE77B00C3082A /* AppDelegate.m */ = {isa = PBXFileReference; lastKnownFileType = sourcecode.c.objc; path = AppDelegate.m; sourceTree = "<group>"; };
		AB58F6B120EDE77B00C3082A /* ViewController.h */ = {isa = PBXFileReference; lastKnownFileType = sourcecode.c.h; path = ViewController.h; sourceTree = "<group>"; };
		AB58F6B220EDE77B00C3082A /* ViewController.m */ = {isa = PBXFileReference; lastKnownFileType = sourcecode.c.objc; path = ViewController.m; sourceTree = "<group>"; };
		AB58F6B520EDE77B00C3082A /* Base */ = {isa = PBXFileReference; lastKnownFileType = file.storyboard; name = Base; path = Base.lproj/Main.storyboard; sourceTree = "<group>"; };
		AB58F6B720EDE77B00C3082A /* Assets.xcassets */ = {isa = PBXFileReference; lastKnownFileType = folder.assetcatalog; path = Assets.xcassets; sourceTree = "<group>"; };
		AB58F6BA20EDE77B00C3082A /* Base */ = {isa = PBXFileReference; lastKnownFileType = file.storyboard; name = Base; path = Base.lproj/LaunchScreen.storyboard; sourceTree = "<group>"; };
		AB58F6BC20EDE77B00C3082A /* Info.plist */ = {isa = PBXFileReference; lastKnownFileType = text.plist.xml; path = Info.plist; sourceTree = "<group>"; };
		AB58F6BD20EDE77B00C3082A /* main.m */ = {isa = PBXFileReference; lastKnownFileType = sourcecode.c.objc; path = main.m; sourceTree = "<group>"; };
/* End PBXFileReference section */

/* Begin PBXFrameworksBuildPhase section */
		AB58F6A820EDE77B00C3082A /* Frameworks */ = {
			isa = PBXFrameworksBuildPhase;
			buildActionMask = 2147483647;
			files = (
			);
			runOnlyForDeploymentPostprocessing = 0;
		};
/* End PBXFrameworksBuildPhase section */

/* Begin PBXGroup section */
		AB58F6A220EDE77B00C3082A = {
			isa = PBXGroup;
			children = (
				AB58F6AD20EDE77B00C3082A /* Poc */,
				AB58F6AC20EDE77B00C3082A /* Products */,
			);
			sourceTree = "<group>";
		};
		AB58F6AC20EDE77B00C3082A /* Products */ = {
			isa = PBXGroup;
			children = (
				AB58F6AB20EDE77B00C3082A /* Poc.app */,
			);
			name = Products;
			sourceTree = "<group>";
		};
		AB58F6AD20EDE77B00C3082A /* Poc */ = {
			isa = PBXGroup;
			children = (
				AB58F6AE20EDE77B00C3082A /* AppDelegate.h */,
				AB58F6AF20EDE77B00C3082A /* AppDelegate.m */,
				AB58F6B120EDE77B00C3082A /* ViewController.h */,
				AB58F6B220EDE77B00C3082A /* ViewController.m */,
				AB58F6B420EDE77B00C3082A /* Main.storyboard */,
				AB58F6B720EDE77B00C3082A /* Assets.xcassets */,
				AB58F6B920EDE77B00C3082A /* LaunchScreen.storyboard */,
				AB58F6BC20EDE77B00C3082A /* Info.plist */,
				AB58F6BD20EDE77B00C3082A /* main.m */,
			);
			path = Poc;
			sourceTree = "<group>";
		};
/* End PBXGroup section */

/* Begin PBXNativeTarget section */
		AB58F6AA20EDE77B00C3082A /* Poc */ = {
			isa = PBXNativeTarget;
			buildConfigurationList = AB58F6C120EDE77B00C3082A /* Build configuration list for PBXNativeTarget "Poc" */;
			buildPhases = (
				AB58F6A720EDE77B00C3082A /* Sources */,
				AB58F6A820EDE77B00C3082A /* Frameworks */,
				AB58F6A920EDE77B00C3082A /* Resources */,
			);
			buildRules = (
			);
			dependencies = (
			);
			name = Poc;
			productName = Poc;
			productReference = AB58F6AB20EDE77B00C3082A /* Poc.app */;
			productType = "com.apple.product-type.application";
		};
/* End PBXNativeTarget section */

/* Begin PBXProject section */
		AB58F6A320EDE77B00C3082A /* Project object */ = {
			isa = PBXProject;
			attributes = {
				LastUpgradeCheck = 0920;
				ORGANIZATIONNAME = "Naina Soni";
				TargetAttributes = {
					AB58F6AA20EDE77B00C3082A = {
						CreatedOnToolsVersion = 9.2;
						ProvisioningStyle = Automatic;
					};
				};
			};
			buildConfigurationList = AB58F6A620EDE77B00C3082A /* Build configuration list for PBXProject "Poc" */;
			compatibilityVersion = "Xcode 8.0";
			developmentRegion = en;
			hasScannedForEncodings = 0;
			knownRegions = (
				en,
				Base,
			);
			mainGroup = AB58F6A220EDE77B00C3082A;
			productRefGroup = AB58F6AC20EDE77B00C3082A /* Products */;
			projectDirPath = "";
			projectRoot = "";
			targets = (
				AB58F6AA20EDE77B00C3082A /* Poc */,
			);
		};
/* End PBXProject section */

/* Begin PBXResourcesBuildPhase section */
		AB58F6A920EDE77B00C3082A /* Resources */ = {
			isa = PBXResourcesBuildPhase;
			buildActionMask = 2147483647;
			files = (
				AB58F6BB20EDE77B00C3082A /* LaunchScreen.storyboard in Resources */,
				AB58F6B820EDE77B00C3082A /* Assets.xcassets in Resources */,
				AB58F6B620EDE77B00C3082A /* Main.storyboard in Resources */,
			);
			runOnlyForDeploymentPostprocessing = 0;
		};
/* End PBXResourcesBuildPhase section */

/* Begin PBXSourcesBuildPhase section */
		AB58F6A720EDE77B00C3082A /* Sources */ = {
			isa = PBXSourcesBuildPhase;
			buildActionMask = 2147483647;
			files = (
				AB58F6B320EDE77B00C3082A /* ViewController.m in Sources */,
				AB58F6BE20EDE77B00C3082A /* main.m in Sources */,
				AB58F6B020EDE77B00C3082A /* AppDelegate.m in Sources */,
			);
			runOnlyForDeploymentPostprocessing = 0;
		};
/* End PBXSourcesBuildPhase section */

/* Begin PBXVariantGroup section */
		AB58F6B420EDE77B00C3082A /* Main.storyboard */ = {
			isa = PBXVariantGroup;
			children = (
				AB58F6B520EDE77B00C3082A /* Base */,
			);
			name = Main.storyboard;
			sourceTree = "<group>";
		};
		AB58F6B920EDE77B00C3082A /* LaunchScreen.storyboard */ = {
			isa = PBXVariantGroup;
			children = (
				AB58F6BA20EDE77B00C3082A /* Base */,
			);
			name = LaunchScreen.storyboard;
			sourceTree = "<group>";
		};
/* End PBXVariantGroup section */

/* Begin XCBuildConfiguration section */
		AB58F6BF20EDE77B00C3082A /* Debug */ = {
			isa = XCBuildConfiguration;
			buildSettings = {
				ALWAYS_SEARCH_USER_PATHS = NO;
				CLANG_ANALYZER_NONNULL = YES;
				CLANG_ANALYZER_NUMBER_OBJECT_CONVERSION = YES_AGGRESSIVE;
				CLANG_CXX_LANGUAGE_STANDARD = "gnu++14";
				CLANG_CXX_LIBRARY = "libc++";
				CLANG_ENABLE_MODULES = YES;
				CLANG_ENABLE_OBJC_ARC = YES;
				CLANG_WARN_BLOCK_CAPTURE_AUTORELEASING = YES;
				CLANG_WARN_BOOL_CONVERSION = YES;
				CLANG_WARN_COMMA = YES;
				CLANG_WARN_CONSTANT_CONVERSION = YES;
				CLANG_WARN_DIRECT_OBJC_ISA_USAGE = YES_ERROR;
				CLANG_WARN_DOCUMENTATION_COMMENTS = YES;
				CLANG_WARN_EMPTY_BODY = YES;
				CLANG_WARN_ENUM_CONVERSION = YES;
				CLANG_WARN_INFINITE_RECURSION = YES;
				CLANG_WARN_INT_CONVERSION = YES;
				CLANG_WARN_NON_LITERAL_NULL_CONVERSION = YES;
				CLANG_WARN_OBJC_LITERAL_CONVERSION = YES;
				CLANG_WARN_OBJC_ROOT_CLASS = YES_ERROR;
				CLANG_WARN_RANGE_LOOP_ANALYSIS = YES;
				CLANG_WARN_STRICT_PROTOTYPES = YES;
				CLANG_WARN_SUSPICIOUS_MOVE = YES;
				CLANG_WARN_UNGUARDED_AVAILABILITY = YES_AGGRESSIVE;
				CLANG_WARN_UNREACHABLE_CODE = YES;
				CLANG_WARN__DUPLICATE_METHOD_MATCH = YES;
				CODE_SIGN_IDENTITY = "iPhone Developer";
				COPY_PHASE_STRIP = NO;
				DEBUG_INFORMATION_FORMAT = dwarf;
				ENABLE_STRICT_OBJC_MSGSEND = YES;
				ENABLE_TESTABILITY = YES;
				GCC_C_LANGUAGE_STANDARD = gnu11;
				GCC_DYNAMIC_NO_PIC = NO;
				GCC_NO_COMMON_BLOCKS = YES;
				GCC_OPTIMIZATION_LEVEL = 0;
				GCC_PREPROCESSOR_DEFINITIONS = (
					"DEBUG=1",
					"$(inherited)",
				);
				GCC_WARN_64_TO_32_BIT_CONVERSION = YES;
				GCC_WARN_ABOUT_RETURN_TYPE = YES_ERROR;
				GCC_WARN_UNDECLARED_SELECTOR = YES;
				GCC_WARN_UNINITIALIZED_AUTOS = YES_AGGRESSIVE;
				GCC_WARN_UNUSED_FUNCTION = YES;
				GCC_WARN_UNUSED_VARIABLE = YES;
				IPHONEOS_DEPLOYMENT_TARGET = 11.2;
				MTL_ENABLE_DEBUG_INFO = YES;
				ONLY_ACTIVE_ARCH = YES;
				SDKROOT = iphoneos;
			};
			name = Debug;
		};
		AB58F6C020EDE77B00C3082A /* Release */ = {
			isa = XCBuildConfiguration;
			buildSettings = {
				ALWAYS_SEARCH_USER_PATHS = NO;
				CLANG_ANALYZER_NONNULL = YES;
				CLANG_ANALYZER_NUMBER_OBJECT_CONVERSION = YES_AGGRESSIVE;
				CLANG_CXX_LANGUAGE_STANDARD = "gnu++14";
				CLANG_CXX_LIBRARY = "libc++";
				CLANG_ENABLE_MODULES = YES;
				CLANG_ENABLE_OBJC_ARC = YES;
				CLANG_WARN_BLOCK_CAPTURE_AUTORELEASING = YES;
				CLANG_WARN_BOOL_CONVERSION = YES;
				CLANG_WARN_COMMA = YES;
				CLANG_WARN_CONSTANT_CONVERSION = YES;
				CLANG_WARN_DIRECT_OBJC_ISA_USAGE = YES_ERROR;
				CLANG_WARN_DOCUMENTATION_COMMENTS = YES;
				CLANG_WARN_EMPTY_BODY = YES;
				CLANG_WARN_ENUM_CONVERSION = YES;
				CLANG_WARN_INFINITE_RECURSION = YES;
				CLANG_WARN_INT_CONVERSION = YES;
				CLANG_WARN_NON_LITERAL_NULL_CONVERSION = YES;
				CLANG_WARN_OBJC_LITERAL_CONVERSION = YES;
				CLANG_WARN_OBJC_ROOT_CLASS = YES_ERROR;
				CLANG_WARN_RANGE_LOOP_ANALYSIS = YES;
				CLANG_WARN_STRICT_PROTOTYPES = YES;
				CLANG_WARN_SUSPICIOUS_MOVE = YES;
				CLANG_WARN_UNGUARDED_AVAILABILITY = YES_AGGRESSIVE;
				CLANG_WARN_UNREACHABLE_CODE = YES;
				CLANG_WARN__DUPLICATE_METHOD_MATCH = YES;
				CODE_SIGN_IDENTITY = "iPhone Developer";
				COPY_PHASE_STRIP = NO;
				DEBUG_INFORMATION_FORMAT = "dwarf-with-dsym";
				ENABLE_NS_ASSERTIONS = NO;
				ENABLE_STRICT_OBJC_MSGSEND = YES;
				GCC_C_LANGUAGE_STANDARD = gnu11;
				GCC_NO_COMMON_BLOCKS = YES;
				GCC_WARN_64_TO_32_BIT_CONVERSION = YES;
				GCC_WARN_ABOUT_RETURN_TYPE = YES_ERROR;
				GCC_WARN_UNDECLARED_SELECTOR = YES;
				GCC_WARN_UNINITIALIZED_AUTOS = YES_AGGRESSIVE;
				GCC_WARN_UNUSED_FUNCTION = YES;
				GCC_WARN_UNUSED_VARIABLE = YES;
				IPHONEOS_DEPLOYMENT_TARGET = 11.2;
				MTL_ENABLE_DEBUG_INFO = NO;
				SDKROOT = iphoneos;
				VALIDATE_PRODUCT = YES;
			};
			name = Release;
		};
		AB58F6C220EDE77B00C3082A /* Debug */ = {
			isa = XCBuildConfiguration;
			buildSettings = {
				ASSETCATALOG_COMPILER_APPICON_NAME = AppIcon;
				CODE_SIGN_STYLE = Automatic;
				DEVELOPMENT_TEAM = 4MF4ZZ59N9;
				INFOPLIST_FILE = Poc/Info.plist;
				LD_RUNPATH_SEARCH_PATHS = "$(inherited) @executable_path/Frameworks";
				PRODUCT_BUNDLE_IDENTIFIER = com.naina.Poc;
				PRODUCT_NAME = "$(TARGET_NAME)";
				TARGETED_DEVICE_FAMILY = "1,2";
			};
			name = Debug;
		};
		AB58F6C320EDE77B00C3082A /* Release */ = {
			isa = XCBuildConfiguration;
			buildSettings = {
				ASSETCATALOG_COMPILER_APPICON_NAME = AppIcon;
				CODE_SIGN_STYLE = Automatic;
				DEVELOPMENT_TEAM = 4MF4ZZ59N9;
				INFOPLIST_FILE = Poc/Info.plist;
				LD_RUNPATH_SEARCH_PATHS = "$(inherited) @executable_path/Frameworks";
				PRODUCT_BUNDLE_IDENTIFIER = com.naina.Poc;
				PRODUCT_NAME = "$(TARGET_NAME)";
				TARGETED_DEVICE_FAMILY = "1,2";
			};
			name = Release;
		};
/* End XCBuildConfiguration section */

/* Begin XCConfigurationList section */
		AB58F6A620EDE77B00C3082A /* Build configuration list for PBXProject "Poc" */ = {
			isa = XCConfigurationList;
			buildConfigurations = (
				AB58F6BF20EDE77B00C3082A /* Debug */,
				AB58F6C020EDE77B00C3082A /* Release */,
			);
			defaultConfigurationIsVisible = 0;
			defaultConfigurationName = Release;
		};
		AB58F6C120EDE77B00C3082A /* Build configuration list for PBXNativeTarget "Poc" */ = {
			isa = XCConfigurationList;
			buildConfigurations = (
				AB58F6C220EDE77B00C3082A /* Debug */,
				AB58F6C320EDE77B00C3082A /* Release */,
			);
			defaultConfigurationIsVisible = 0;
			defaultConfigurationName = Release;
		};
/* End XCConfigurationList section */
	};
	rootObject = AB58F6A320EDE77B00C3082A /* Project object */;
}
